
Microsoft Visual Studio Solution File, Format Version 12.00
# Visual Studio 15
VisualStudioVersion = 15.0.27703.2042
MinimumVisualStudioVersion = 10.0.40219.1
Project("{2150E333-8FDC-42A3-9474-1A3956D46DE8}") = "Solution Items", "Solution Items", "{AE726098-1F00-4674-A260-0E82339152DA}"
	ProjectSection(SolutionItems) = preProject
		.gitignore = .gitignore
		CONTRIBUTING.md = CONTRIBUTING.md
		LICENSE = LICENSE
		README.md = README.md
	EndProjectSection
EndProject
Project("{2150E333-8FDC-42A3-9474-1A3956D46DE8}") = "src", "src", "{D86CBDAE-DF37-4BDF-8F81-C79FB11DEC0D}"
EndProject
Project("{FAE04EC0-301F-11D3-BF4B-00C04F79EFBC}") = "Steeltoe.Tooling", "src\Steeltoe.Tooling\Steeltoe.Tooling.csproj", "{20215C70-3EF8-40B0-A34E-67E8F32C11DA}"
EndProject
Project("{2150E333-8FDC-42A3-9474-1A3956D46DE8}") = "test", "test", "{67CB55E8-C6E9-471F-A799-7AE925E921ED}"
EndProject
Project("{FAE04EC0-301F-11D3-BF4B-00C04F79EFBC}") = "Steeltoe.Tooling.Test", "test\Steeltoe.Tooling.Test\Steeltoe.Tooling.Test.csproj", "{A0F13C6E-391E-44DC-A879-EE4CC20E052C}"
EndProject
Global
	GlobalSection(SolutionProperties) = preSolution
		HideSolutionNode = FALSE
	EndGlobalSection
	GlobalSection(ExtensibilityGlobals) = postSolution
		SolutionGuid = {A443975C-C563-4CBC-9EBA-A21E6D258E77}
	EndGlobalSection
	GlobalSection(SolutionConfigurationPlatforms) = preSolution
		Debug|Any CPU = Debug|Any CPU
		Debug|x64 = Debug|x64
		Debug|x86 = Debug|x86
		Release|Any CPU = Release|Any CPU
		Release|x64 = Release|x64
		Release|x86 = Release|x86
	EndGlobalSection
	GlobalSection(ProjectConfigurationPlatforms) = postSolution
		{20215C70-3EF8-40B0-A34E-67E8F32C11DA}.Debug|Any CPU.ActiveCfg = Debug|Any CPU
		{20215C70-3EF8-40B0-A34E-67E8F32C11DA}.Debug|Any CPU.Build.0 = Debug|Any CPU
		{20215C70-3EF8-40B0-A34E-67E8F32C11DA}.Debug|x64.ActiveCfg = Debug|Any CPU
		{20215C70-3EF8-40B0-A34E-67E8F32C11DA}.Debug|x64.Build.0 = Debug|Any CPU
		{20215C70-3EF8-40B0-A34E-67E8F32C11DA}.Debug|x86.ActiveCfg = Debug|Any CPU
		{20215C70-3EF8-40B0-A34E-67E8F32C11DA}.Debug|x86.Build.0 = Debug|Any CPU
		{20215C70-3EF8-40B0-A34E-67E8F32C11DA}.Release|Any CPU.ActiveCfg = Release|Any CPU
		{20215C70-3EF8-40B0-A34E-67E8F32C11DA}.Release|Any CPU.Build.0 = Release|Any CPU
		{20215C70-3EF8-40B0-A34E-67E8F32C11DA}.Release|x64.ActiveCfg = Release|Any CPU
		{20215C70-3EF8-40B0-A34E-67E8F32C11DA}.Release|x64.Build.0 = Release|Any CPU
		{20215C70-3EF8-40B0-A34E-67E8F32C11DA}.Release|x86.ActiveCfg = Release|Any CPU
		{20215C70-3EF8-40B0-A34E-67E8F32C11DA}.Release|x86.Build.0 = Release|Any CPU
		{A0F13C6E-391E-44DC-A879-EE4CC20E052C}.Debug|Any CPU.ActiveCfg = Debug|Any CPU
		{A0F13C6E-391E-44DC-A879-EE4CC20E052C}.Debug|Any CPU.Build.0 = Debug|Any CPU
		{A0F13C6E-391E-44DC-A879-EE4CC20E052C}.Debug|x64.ActiveCfg = Debug|Any CPU
		{A0F13C6E-391E-44DC-A879-EE4CC20E052C}.Debug|x64.Build.0 = Debug|Any CPU
		{A0F13C6E-391E-44DC-A879-EE4CC20E052C}.Debug|x86.ActiveCfg = Debug|Any CPU
		{A0F13C6E-391E-44DC-A879-EE4CC20E052C}.Debug|x86.Build.0 = Debug|Any CPU
		{A0F13C6E-391E-44DC-A879-EE4CC20E052C}.Release|Any CPU.ActiveCfg = Release|Any CPU
		{A0F13C6E-391E-44DC-A879-EE4CC20E052C}.Release|Any CPU.Build.0 = Release|Any CPU
		{A0F13C6E-391E-44DC-A879-EE4CC20E052C}.Release|x64.ActiveCfg = Release|Any CPU
		{A0F13C6E-391E-44DC-A879-EE4CC20E052C}.Release|x64.Build.0 = Release|Any CPU
		{A0F13C6E-391E-44DC-A879-EE4CC20E052C}.Release|x86.ActiveCfg = Release|Any CPU
		{A0F13C6E-391E-44DC-A879-EE4CC20E052C}.Release|x86.Build.0 = Release|Any CPU
	EndGlobalSection
	GlobalSection(NestedProjects) = preSolution
		{20215C70-3EF8-40B0-A34E-67E8F32C11DA} = {D86CBDAE-DF37-4BDF-8F81-C79FB11DEC0D}
		{A0F13C6E-391E-44DC-A879-EE4CC20E052C} = {67CB55E8-C6E9-471F-A799-7AE925E921ED}
	EndGlobalSection
EndGlobal
