
Microsoft Visual Studio Solution File, Format Version 12.00
# Visual Studio 15
VisualStudioVersion = 15.0.27703.2042
MinimumVisualStudioVersion = 10.0.40219.1
Project("{2150E333-8FDC-42A3-9474-1A3956D46DE8}") = "Solution Items", "Solution Items", "{AE726098-1F00-4674-A260-0E82339152DA}"
	ProjectSection(SolutionItems) = preProject
		config\versions.props = config\versions.props
	EndProjectSection
EndProject
Project("{9A19103F-16F7-4668-BE54-9A1E7A4F7556}") = "Steeltoe.Tooling.Library", "src\Steeltoe.Tooling.Library\Steeltoe.Tooling.Library.csproj", "{0C883901-4BDB-48D5-BCA8-46611D26B2A3}"
EndProject
Project("{9A19103F-16F7-4668-BE54-9A1E7A4F7556}") = "Steeltoe.Tooling.Library.Test", "test\Steeltoe.Tooling.Library.Test\Steeltoe.Tooling.Library.Test.csproj", "{07D7EAA0-AE7F-4493-BAEE-B3FFF2ED74CE}"
EndProject
Project("{9A19103F-16F7-4668-BE54-9A1E7A4F7556}") = "Steeltoe.Tooling.Cli", "src\Steeltoe.Tooling.Cli\Steeltoe.Tooling.Cli.csproj", "{51D148CB-D7E1-453F-9EC7-2381294C29A2}"
EndProject
Project("{9A19103F-16F7-4668-BE54-9A1E7A4F7556}") = "Steeltoe.Tooling.Cli.Feature", "test\Steeltoe.Tooling.Cli.Feature\Steeltoe.Tooling.Cli.Feature.csproj", "{BD4A2CBD-33AF-48C3-914D-8A7F58A15348}"
EndProject
Global
	GlobalSection(SolutionConfigurationPlatforms) = preSolution
		Debug|Any CPU = Debug|Any CPU
		Debug|x64 = Debug|x64
		Debug|x86 = Debug|x86
		Release|Any CPU = Release|Any CPU
		Release|x64 = Release|x64
		Release|x86 = Release|x86
	EndGlobalSection
	GlobalSection(ProjectConfigurationPlatforms) = postSolution
		{0C883901-4BDB-48D5-BCA8-46611D26B2A3}.Debug|Any CPU.ActiveCfg = Debug|Any CPU
		{0C883901-4BDB-48D5-BCA8-46611D26B2A3}.Debug|Any CPU.Build.0 = Debug|Any CPU
		{0C883901-4BDB-48D5-BCA8-46611D26B2A3}.Debug|x64.ActiveCfg = Debug|Any CPU
		{0C883901-4BDB-48D5-BCA8-46611D26B2A3}.Debug|x64.Build.0 = Debug|Any CPU
		{0C883901-4BDB-48D5-BCA8-46611D26B2A3}.Debug|x86.ActiveCfg = Debug|Any CPU
		{0C883901-4BDB-48D5-BCA8-46611D26B2A3}.Debug|x86.Build.0 = Debug|Any CPU
		{0C883901-4BDB-48D5-BCA8-46611D26B2A3}.Release|Any CPU.ActiveCfg = Release|Any CPU
		{0C883901-4BDB-48D5-BCA8-46611D26B2A3}.Release|Any CPU.Build.0 = Release|Any CPU
		{0C883901-4BDB-48D5-BCA8-46611D26B2A3}.Release|x64.ActiveCfg = Release|Any CPU
		{0C883901-4BDB-48D5-BCA8-46611D26B2A3}.Release|x64.Build.0 = Release|Any CPU
		{0C883901-4BDB-48D5-BCA8-46611D26B2A3}.Release|x86.ActiveCfg = Release|Any CPU
		{0C883901-4BDB-48D5-BCA8-46611D26B2A3}.Release|x86.Build.0 = Release|Any CPU
		{07D7EAA0-AE7F-4493-BAEE-B3FFF2ED74CE}.Debug|Any CPU.ActiveCfg = Debug|Any CPU
		{07D7EAA0-AE7F-4493-BAEE-B3FFF2ED74CE}.Debug|Any CPU.Build.0 = Debug|Any CPU
		{07D7EAA0-AE7F-4493-BAEE-B3FFF2ED74CE}.Debug|x64.ActiveCfg = Debug|Any CPU
		{07D7EAA0-AE7F-4493-BAEE-B3FFF2ED74CE}.Debug|x64.Build.0 = Debug|Any CPU
		{07D7EAA0-AE7F-4493-BAEE-B3FFF2ED74CE}.Debug|x86.ActiveCfg = Debug|Any CPU
		{07D7EAA0-AE7F-4493-BAEE-B3FFF2ED74CE}.Debug|x86.Build.0 = Debug|Any CPU
		{07D7EAA0-AE7F-4493-BAEE-B3FFF2ED74CE}.Release|Any CPU.ActiveCfg = Release|Any CPU
		{07D7EAA0-AE7F-4493-BAEE-B3FFF2ED74CE}.Release|Any CPU.Build.0 = Release|Any CPU
		{07D7EAA0-AE7F-4493-BAEE-B3FFF2ED74CE}.Release|x64.ActiveCfg = Release|Any CPU
		{07D7EAA0-AE7F-4493-BAEE-B3FFF2ED74CE}.Release|x64.Build.0 = Release|Any CPU
		{07D7EAA0-AE7F-4493-BAEE-B3FFF2ED74CE}.Release|x86.ActiveCfg = Release|Any CPU
		{07D7EAA0-AE7F-4493-BAEE-B3FFF2ED74CE}.Release|x86.Build.0 = Release|Any CPU
		{51D148CB-D7E1-453F-9EC7-2381294C29A2}.Debug|Any CPU.ActiveCfg = Debug|Any CPU
		{51D148CB-D7E1-453F-9EC7-2381294C29A2}.Debug|Any CPU.Build.0 = Debug|Any CPU
		{51D148CB-D7E1-453F-9EC7-2381294C29A2}.Debug|x64.ActiveCfg = Debug|Any CPU
		{51D148CB-D7E1-453F-9EC7-2381294C29A2}.Debug|x64.Build.0 = Debug|Any CPU
		{51D148CB-D7E1-453F-9EC7-2381294C29A2}.Debug|x86.ActiveCfg = Debug|Any CPU
		{51D148CB-D7E1-453F-9EC7-2381294C29A2}.Debug|x86.Build.0 = Debug|Any CPU
		{51D148CB-D7E1-453F-9EC7-2381294C29A2}.Release|Any CPU.ActiveCfg = Release|Any CPU
		{51D148CB-D7E1-453F-9EC7-2381294C29A2}.Release|Any CPU.Build.0 = Release|Any CPU
		{51D148CB-D7E1-453F-9EC7-2381294C29A2}.Release|x64.ActiveCfg = Release|Any CPU
		{51D148CB-D7E1-453F-9EC7-2381294C29A2}.Release|x64.Build.0 = Release|Any CPU
		{51D148CB-D7E1-453F-9EC7-2381294C29A2}.Release|x86.ActiveCfg = Release|Any CPU
		{51D148CB-D7E1-453F-9EC7-2381294C29A2}.Release|x86.Build.0 = Release|Any CPU
		{BD4A2CBD-33AF-48C3-914D-8A7F58A15348}.Debug|Any CPU.ActiveCfg = Debug|Any CPU
		{BD4A2CBD-33AF-48C3-914D-8A7F58A15348}.Debug|Any CPU.Build.0 = Debug|Any CPU
		{BD4A2CBD-33AF-48C3-914D-8A7F58A15348}.Debug|x64.ActiveCfg = Debug|Any CPU
		{BD4A2CBD-33AF-48C3-914D-8A7F58A15348}.Debug|x64.Build.0 = Debug|Any CPU
		{BD4A2CBD-33AF-48C3-914D-8A7F58A15348}.Debug|x86.ActiveCfg = Debug|Any CPU
		{BD4A2CBD-33AF-48C3-914D-8A7F58A15348}.Debug|x86.Build.0 = Debug|Any CPU
		{BD4A2CBD-33AF-48C3-914D-8A7F58A15348}.Release|Any CPU.ActiveCfg = Release|Any CPU
		{BD4A2CBD-33AF-48C3-914D-8A7F58A15348}.Release|Any CPU.Build.0 = Release|Any CPU
		{BD4A2CBD-33AF-48C3-914D-8A7F58A15348}.Release|x64.ActiveCfg = Release|Any CPU
		{BD4A2CBD-33AF-48C3-914D-8A7F58A15348}.Release|x64.Build.0 = Release|Any CPU
		{BD4A2CBD-33AF-48C3-914D-8A7F58A15348}.Release|x86.ActiveCfg = Release|Any CPU
		{BD4A2CBD-33AF-48C3-914D-8A7F58A15348}.Release|x86.Build.0 = Release|Any CPU
	EndGlobalSection
	GlobalSection(SolutionProperties) = preSolution
		HideSolutionNode = FALSE
	EndGlobalSection
	GlobalSection(ExtensibilityGlobals) = postSolution
		SolutionGuid = {A443975C-C563-4CBC-9EBA-A21E6D258E77}
	EndGlobalSection
EndGlobal
